
Microsoft Visual Studio Solution File, Format Version 12.00
# Visual Studio Version 16
VisualStudioVersion = 16.0.31112.23
MinimumVisualStudioVersion = 10.0.40219.1
Project("{9A19103F-16F7-4668-BE54-9A1E7A4F7556}") = "Application", "Boilerplate\Application.csproj", "{18EA9E2B-6E29-4C17-B04C-9E93365CD665}"
EndProject
Project("{9A19103F-16F7-4668-BE54-9A1E7A4F7556}") = "Tests", "Tests\Tests.csproj", "{3E6E5BCA-F326-430D-9688-F0FE47E42B62}"
EndProject
Global
	GlobalSection(SolutionConfigurationPlatforms) = preSolution
		Debug|Any CPU = Debug|Any CPU
		Release|Any CPU = Release|Any CPU
	EndGlobalSection
	GlobalSection(ProjectConfigurationPlatforms) = postSolution
		{18EA9E2B-6E29-4C17-B04C-9E93365CD665}.Debug|Any CPU.ActiveCfg = Debug|Any CPU
		{18EA9E2B-6E29-4C17-B04C-9E93365CD665}.Debug|Any CPU.Build.0 = Debug|Any CPU
		{18EA9E2B-6E29-4C17-B04C-9E93365CD665}.Release|Any CPU.ActiveCfg = Release|Any CPU
		{18EA9E2B-6E29-4C17-B04C-9E93365CD665}.Release|Any CPU.Build.0 = Release|Any CPU
		{3E6E5BCA-F326-430D-9688-F0FE47E42B62}.Debug|Any CPU.ActiveCfg = Debug|Any CPU
		{3E6E5BCA-F326-430D-9688-F0FE47E42B62}.Debug|Any CPU.Build.0 = Debug|Any CPU
		{3E6E5BCA-F326-430D-9688-F0FE47E42B62}.Release|Any CPU.ActiveCfg = Release|Any CPU
		{3E6E5BCA-F326-430D-9688-F0FE47E42B62}.Release|Any CPU.Build.0 = Release|Any CPU
	EndGlobalSection
	GlobalSection(SolutionProperties) = preSolution
		HideSolutionNode = FALSE
	EndGlobalSection
	GlobalSection(ExtensibilityGlobals) = postSolution
		SolutionGuid = {DA74B79F-DC1A-4C6B-B458-F7C9BD18896F}
	EndGlobalSection
EndGlobal
